
Microsoft Visual Studio Solution File, Format Version 12.00
# Visual Studio Version 17
VisualStudioVersion = 17.0.31919.166
MinimumVisualStudioVersion = 10.0.40219.1
Project("{FAE04EC0-301F-11D3-BF4B-00C04F79EFBC}") = "DataAccess", "DataAccess\DataAccess.csproj", "{BC48F1C9-0CE9-4B30-9F97-EE499659C6E5}"
EndProject
Project("{2150E333-8FDC-42A3-9474-1A3956D46DE8}") = "SolutionItem", "SolutionItem", "{2130C2C3-29C5-4733-912F-E28DA5653497}"
	ProjectSection(SolutionItems) = preProject
		.editorconfig = .editorconfig
	EndProjectSection
EndProject
Project("{FAE04EC0-301F-11D3-BF4B-00C04F79EFBC}") = "WebAPI", "WebAPI\WebAPI.csproj", "{8E9BB40B-EA68-42DC-A1C7-4D126DC31B8B}"
EndProject
Global
	GlobalSection(SolutionConfigurationPlatforms) = preSolution
		Debug|Any CPU = Debug|Any CPU
		Release|Any CPU = Release|Any CPU
	EndGlobalSection
	GlobalSection(ProjectConfigurationPlatforms) = postSolution
		{BC48F1C9-0CE9-4B30-9F97-EE499659C6E5}.Debug|Any CPU.ActiveCfg = Debug|Any CPU
		{BC48F1C9-0CE9-4B30-9F97-EE499659C6E5}.Debug|Any CPU.Build.0 = Debug|Any CPU
		{BC48F1C9-0CE9-4B30-9F97-EE499659C6E5}.Release|Any CPU.ActiveCfg = Release|Any CPU
		{BC48F1C9-0CE9-4B30-9F97-EE499659C6E5}.Release|Any CPU.Build.0 = Release|Any CPU
		{8E9BB40B-EA68-42DC-A1C7-4D126DC31B8B}.Debug|Any CPU.ActiveCfg = Debug|Any CPU
		{8E9BB40B-EA68-42DC-A1C7-4D126DC31B8B}.Debug|Any CPU.Build.0 = Debug|Any CPU
		{8E9BB40B-EA68-42DC-A1C7-4D126DC31B8B}.Release|Any CPU.ActiveCfg = Release|Any CPU
		{8E9BB40B-EA68-42DC-A1C7-4D126DC31B8B}.Release|Any CPU.Build.0 = Release|Any CPU
	EndGlobalSection
	GlobalSection(SolutionProperties) = preSolution
		HideSolutionNode = FALSE
	EndGlobalSection
	GlobalSection(ExtensibilityGlobals) = postSolution
		SolutionGuid = {B7BE56C1-8238-45E5-B35B-D08FE98DB806}
	EndGlobalSection
EndGlobal
